<?xml version="1.0" encoding="utf-8"?>
<Project ToolsVersion="4.0" xmlns="http://schemas.microsoft.com/developer/msbuild/2003">
  <ItemGroup>
    <Filter Include="Source Files">
      <UniqueIdentifier>{4FC737F1-C7A5-4376-A066-2A32D752A2FF}</UniqueIdentifier>
      <Extensions>cpp;c;cc;cxx;c++;cppm;ixx;def;odl;idl;hpj;bat;asm;asmx</Extensions>
    </Filter>
    <Filter Include="Header Files">
      <UniqueIdentifier>{93995380-89BD-4b04-88EB-625FBE52EBFB}</UniqueIdentifier>
      <Extensions>h;hh;hpp;hxx;h++;hm;inl;inc;ipp;xsd</Extensions>
    </Filter>
    <Filter Include="Resource Files">
      <UniqueIdentifier>{67DA6AB6-F800-4c08-8B7A-83BB121AAD01}</UniqueIdentifier>
      <Extensions>rc;ico;cur;bmp;dlg;rc2;rct;bin;rgs;gif;jpg;jpeg;jpe;resx;tiff;tif;png;wav;mfcribbon-ms</Extensions>
    </Filter>
    <Filter Include="Resource Files\Mid">
      <UniqueIdentifier>{28c22eeb-8ea4-4871-8f49-f9fad37dea74}</UniqueIdentifier>
    </Filter>
    <Filter Include="Resource Files\Mid\TextBook">
      <UniqueIdentifier>{d45c85e5-7af1-40e2-b085-07b9469c22da}</UniqueIdentifier>
    </Filter>
    <Filter Include="Resource Files\Mid\TextBook\Chapter04">
      <UniqueIdentifier>{551ea4dc-3e3f-4f2c-89be-880f917d21ec}</UniqueIdentifier>
    </Filter>
    <Filter Include="Resource Files\Mid\TextBook\Chapter03">
      <UniqueIdentifier>{af3bc1f0-b59b-4817-8b12-51bed3a08b11}</UniqueIdentifier>
    </Filter>
    <Filter Include="Resource Files\Mid\TextBook\Chapter03\Theory">
      <UniqueIdentifier>{427d37a7-a094-431b-ac00-6076bb74e09b}</UniqueIdentifier>
    </Filter>
    <Filter Include="Resource Files\Mid\TextBook\Chapter03\Practice">
      <UniqueIdentifier>{123715fa-fbdd-4269-b41d-a8bc9d826c50}</UniqueIdentifier>
    </Filter>
    <Filter Include="Resource Files\Mid\Week4-1">
      <UniqueIdentifier>{18a22273-6e07-4764-ba58-4936b5d6b580}</UniqueIdentifier>
    </Filter>
    <Filter Include="Resource Files\Mid\Week4-2">
      <UniqueIdentifier>{c06dd5b3-515a-45d5-bac2-f98efea10392}</UniqueIdentifier>
    </Filter>
    <Filter Include="Resource Files\Mid\Week5-1">
      <UniqueIdentifier>{8136ab1f-bf7b-4dfa-b954-312ecd76d573}</UniqueIdentifier>
    </Filter>
    <Filter Include="Resource Files\Mid\Week5-2">
      <UniqueIdentifier>{1ee1bee0-368d-42f2-8caf-1bf983004560}</UniqueIdentifier>
    </Filter>
    <Filter Include="Resource Files\Mid\Week6-1">
      <UniqueIdentifier>{07895809-52be-4177-b98e-69e4108085df}</UniqueIdentifier>
    </Filter>
    <Filter Include="Resource Files\Mid\Week6-2">
      <UniqueIdentifier>{4d02eb73-b075-4d09-ba04-5cdbcd3a58d9}</UniqueIdentifier>
    </Filter>
    <Filter Include="Resource Files\Mid\Week7-1">
      <UniqueIdentifier>{5a120123-2a39-452b-bda8-4a77302e7758}</UniqueIdentifier>
    </Filter>
    <Filter Include="Resource Files\Mid\Week7-2">
      <UniqueIdentifier>{2a5f66e5-315e-421e-9128-78b8557106da}</UniqueIdentifier>
    </Filter>
    <Filter Include="Resource Files\Mid\CBasic">
      <UniqueIdentifier>{163e041d-7bda-4f2a-99a3-711e7a4dec69}</UniqueIdentifier>
    </Filter>
    <Filter Include="Resource Files\Final">
      <UniqueIdentifier>{13008b46-965a-4a15-943c-f6c932f8e985}</UniqueIdentifier>
    </Filter>
    <Filter Include="Resource Files\Final\Week9-2 %28Parent%29">
      <UniqueIdentifier>{3772bfc3-c028-419b-8477-506a0398f6e3}</UniqueIdentifier>
    </Filter>
    <Filter Include="Resource Files\Final\Week9-1 %28friend, operator%29">
      <UniqueIdentifier>{3f48b700-360e-42b3-aa71-fd20f8ca57ed}</UniqueIdentifier>
    </Filter>
    <Filter Include="Resource Files\Final\Week10 %28Virtual Define%29">
      <UniqueIdentifier>{5f2adb31-5d34-4ddd-8614-c74d00cf1a67}</UniqueIdentifier>
    </Filter>
    <Filter Include="Resource Files\Final\Week11 %28Generic, STL%29">
      <UniqueIdentifier>{801b2f8d-9707-4b80-a62e-d19ec38fa968}</UniqueIdentifier>
    </Filter>
    <Filter Include="Resource Files\Final\Week13 %28IO%29">
      <UniqueIdentifier>{924a743a-5714-4d3d-917d-a3e7b50a6487}</UniqueIdentifier>
    </Filter>
    <Filter Include="Resource Files\Final\Week13 %28IO%29\Assignment">
      <UniqueIdentifier>{e80c54da-655c-4dcc-844c-4f924539180f}</UniqueIdentifier>
    </Filter>
    <Filter Include="Resource Files\Final\Week9-1 %28friend, operator%29\TextBook">
      <UniqueIdentifier>{3e898052-6f2a-4093-8361-2dd5f092d474}</UniqueIdentifier>
    </Filter>
    <Filter Include="Resource Files\Final\Week9-2 %28Parent%29\TextBook">
      <UniqueIdentifier>{764894b7-2a69-47ca-8590-38e7ab121cf4}</UniqueIdentifier>
    </Filter>
    <Filter Include="Resource Files\Final\Week10 %28Virtual Define%29\TextBook">
      <UniqueIdentifier>{d8f7eaeb-9f53-40e5-8564-4719d45803fe}</UniqueIdentifier>
    </Filter>
    <Filter Include="Resource Files\Final\Week11 %28Generic, STL%29\ExtraAlgorithm">
      <UniqueIdentifier>{d07bc06b-4407-4589-bc93-2d4247c92f25}</UniqueIdentifier>
    </Filter>
    <Filter Include="Resource Files\Final\Week15 %28Except%29">
      <UniqueIdentifier>{5241eed8-3c8c-4965-bc5a-63cf02397b5a}</UniqueIdentifier>
    </Filter>
    <Filter Include="Resource Files\Final\Week11 %28Generic, STL%29\TextBook">
      <UniqueIdentifier>{9c580cd5-47a3-4e85-9670-ef7a65e78db4}</UniqueIdentifier>
    </Filter>
    <Filter Include="Resource Files\Final\Week15 %28Except%29\TextBook">
      <UniqueIdentifier>{8e58fbc9-6076-45fc-8553-22ace74e07b9}</UniqueIdentifier>
    </Filter>
  </ItemGroup>
  <ItemGroup>
    <ClCompile Include="Week4_Class.cpp">
      <Filter>Resource Files\Mid\Week4-1</Filter>
    </ClCompile>
    <ClCompile Include="CBasic_For.cpp">
      <Filter>Resource Files\Mid\CBasic</Filter>
    </ClCompile>
    <ClCompile Include="CBasic_If.cpp">
      <Filter>Resource Files\Mid\CBasic</Filter>
    </ClCompile>
    <ClCompile Include="CBasic_If2.cpp">
      <Filter>Resource Files\Mid\CBasic</Filter>
    </ClCompile>
    <ClCompile Include="CBasic_Quiz1.cpp">
      <Filter>Resource Files\Mid\CBasic</Filter>
    </ClCompile>
    <ClCompile Include="CBasic_Quiz2.cpp">
      <Filter>Resource Files\Mid\CBasic</Filter>
    </ClCompile>
    <ClCompile Include="CBasic_Quiz3.cpp">
      <Filter>Resource Files\Mid\CBasic</Filter>
    </ClCompile>
    <ClCompile Include="CBasic_Quiz4.cpp">
      <Filter>Resource Files\Mid\CBasic</Filter>
    </ClCompile>
    <ClCompile Include="CBasic_Quiz5.cpp">
      <Filter>Resource Files\Mid\CBasic</Filter>
    </ClCompile>
    <ClCompile Include="CBasic_Switch.cpp">
      <Filter>Resource Files\Mid\CBasic</Filter>
    </ClCompile>
    <ClCompile Include="CBasic_While.cpp">
      <Filter>Resource Files\Mid\CBasic</Filter>
    </ClCompile>
    <ClCompile Include="Week4_define.cpp">
      <Filter>Resource Files\Mid\Week4-1</Filter>
    </ClCompile>
    <ClCompile Include="Week4_IO.cpp">
      <Filter>Resource Files\Mid\Week4-1</Filter>
    </ClCompile>
    <ClCompile Include="Week4_Singer.cpp">
      <Filter>Resource Files\Mid\Week4-1</Filter>
    </ClCompile>
    <ClCompile Include="Week4_Circle.cpp">
      <Filter>Resource Files\Mid\Week4-2</Filter>
    </ClCompile>
    <ClCompile Include="Week4_Circle2.cpp">
      <Filter>Resource Files\Mid\Week4-2</Filter>
    </ClCompile>
    <ClCompile Include="Week4_Rectangle.cpp">
      <Filter>Resource Files\Mid\Week4-2</Filter>
    </ClCompile>
    <ClCompile Include="Week4_Circle3.cpp">
      <Filter>Resource Files\Mid\Week4-2</Filter>
    </ClCompile>
    <ClCompile Include="Week4_Account.cpp">
      <Filter>Resource Files\Mid\Week4-2</Filter>
    </ClCompile>
    <ClCompile Include="Week5_CPointer.cpp">
      <Filter>Resource Files\Mid\Week5-1</Filter>
    </ClCompile>
    <ClCompile Include="Week5_Someol.cpp">
      <Filter>Resource Files\Mid\Week5-1</Filter>
    </ClCompile>
    <ClCompile Include="Week5_Circle.cpp">
      <Filter>Source Files</Filter>
    </ClCompile>
    <ClCompile Include="Week5_Circle_main.cpp">
      <Filter>Resource Files\Mid\Week5-1</Filter>
    </ClCompile>
    <ClCompile Include="Week5_ClassPointer.cpp">
      <Filter>Resource Files\Mid\Week5-1</Filter>
    </ClCompile>
    <ClCompile Include="Week5_2D.cpp">
      <Filter>Resource Files\Mid\Week5-2</Filter>
    </ClCompile>
    <ClCompile Include="Week5_Dynamic.cpp">
      <Filter>Resource Files\Mid\Week5-2</Filter>
    </ClCompile>
    <ClCompile Include="Week5_DynamicCircle.cpp">
      <Filter>Resource Files\Mid\Week5-2</Filter>
    </ClCompile>
    <ClCompile Include="Week5_ATM.cpp">
      <Filter>Resource Files\Mid\Week5-2</Filter>
    </ClCompile>
    <ClCompile Include="Week6_String.cpp">
      <Filter>Resource Files\Mid\Week6-1</Filter>
    </ClCompile>
    <ClCompile Include="Week6_Parsing.cpp">
      <Filter>Resource Files\Mid\Week6-1</Filter>
    </ClCompile>
    <ClCompile Include="Week6_Replace.cpp">
      <Filter>Resource Files\Mid\Week6-1</Filter>
    </ClCompile>
    <ClCompile Include="Week6_WordCount.cpp">
      <Filter>Resource Files\Mid\Week6-1</Filter>
    </ClCompile>
    <ClCompile Include="TB3_Exp.cpp">
      <Filter>Source Files</Filter>
    </ClCompile>
    <ClCompile Include="5-1.cpp">
      <Filter>Resource Files\Mid\TextBook\Chapter04</Filter>
    </ClCompile>
    <ClCompile Include="5-2.cpp">
      <Filter>Resource Files\Mid\TextBook\Chapter04</Filter>
    </ClCompile>
    <ClCompile Include="5-3.cpp">
      <Filter>Resource Files\Mid\TextBook\Chapter04</Filter>
    </ClCompile>
    <ClCompile Include="5-4.cpp">
      <Filter>Resource Files\Mid\TextBook\Chapter04</Filter>
    </ClCompile>
    <ClCompile Include="5-5.cpp">
      <Filter>Resource Files\Mid\TextBook\Chapter04</Filter>
    </ClCompile>
    <ClCompile Include="5-6.cpp">
      <Filter>Resource Files\Mid\TextBook\Chapter04</Filter>
    </ClCompile>
    <ClCompile Include="5-7.cpp">
      <Filter>Resource Files\Mid\TextBook\Chapter04</Filter>
    </ClCompile>
    <ClCompile Include="5-8.cpp">
      <Filter>Resource Files\Mid\TextBook\Chapter04</Filter>
    </ClCompile>
    <ClCompile Include="5-9.cpp">
      <Filter>Resource Files\Mid\TextBook\Chapter04</Filter>
    </ClCompile>
    <ClCompile Include="5-10.cpp">
      <Filter>Resource Files\Mid\TextBook\Chapter04</Filter>
    </ClCompile>
    <ClCompile Include="5-11.cpp">
      <Filter>Resource Files\Mid\TextBook\Chapter04</Filter>
    </ClCompile>
    <ClCompile Include="5-12.cpp">
      <Filter>Resource Files\Mid\TextBook\Chapter04</Filter>
    </ClCompile>
    <ClCompile Include="Week6_WordCountMain.cpp">
      <Filter>Resource Files\Mid\Week6-2</Filter>
    </ClCompile>
    <ClCompile Include="Week6_WordCount2.cpp">
      <Filter>Source Files</Filter>
    </ClCompile>
    <ClCompile Include="Week6_ATM.cpp">
      <Filter>Resource Files\Mid\Week6-2</Filter>
    </ClCompile>
    <ClCompile Include="TB3_TH_11.cpp">
      <Filter>Resource Files\Mid\TextBook\Chapter03\Theory</Filter>
    </ClCompile>
    <ClCompile Include="TB3_TH_13.cpp">
      <Filter>Resource Files\Mid\TextBook\Chapter03\Theory</Filter>
    </ClCompile>
    <ClCompile Include="TB3_TH_14.cpp">
      <Filter>Resource Files\Mid\TextBook\Chapter03\Theory</Filter>
    </ClCompile>
    <ClCompile Include="TB3_TH_20.cpp">
      <Filter>Resource Files\Mid\TextBook\Chapter03\Theory</Filter>
    </ClCompile>
    <ClCompile Include="TB3_PR_Q1.cpp">
      <Filter>Resource Files\Mid\TextBook\Chapter03\Practice</Filter>
    </ClCompile>
    <ClCompile Include="TB3_PR_Q2.cpp">
      <Filter>Resource Files\Mid\TextBook\Chapter03\Practice</Filter>
    </ClCompile>
    <ClCompile Include="TB3_PR_Q3.cpp">
      <Filter>Resource Files\Mid\TextBook\Chapter03\Practice</Filter>
    </ClCompile>
    <ClCompile Include="TB3_PR_Q8.cpp">
      <Filter>Resource Files\Mid\TextBook\Chapter03\Practice</Filter>
    </ClCompile>
    <ClCompile Include="TB3_PR_Q9.cpp">
      <Filter>Resource Files\Mid\TextBook\Chapter03\Practice</Filter>
    </ClCompile>
    <ClCompile Include="TB3_ExpMain.cpp">
      <Filter>Resource Files\Mid\TextBook\Chapter03\Practice</Filter>
    </ClCompile>
    <ClCompile Include="TB3_PR_Q4.cpp">
      <Filter>Resource Files\Mid\TextBook\Chapter03\Practice</Filter>
    </ClCompile>
    <ClCompile Include="TB3_PR_Q5.cpp">
      <Filter>Resource Files\Mid\TextBook\Chapter03\Practice</Filter>
    </ClCompile>
    <ClCompile Include="TB3_PR_Q6.cpp">
      <Filter>Resource Files\Mid\TextBook\Chapter03\Practice</Filter>
    </ClCompile>
    <ClCompile Include="TB3_PR_Q7.cpp">
      <Filter>Resource Files\Mid\TextBook\Chapter03\Practice</Filter>
    </ClCompile>
    <ClCompile Include="TB3_PR_Q10_1.cpp">
      <Filter>Resource Files\Mid\TextBook\Chapter03\Practice</Filter>
    </ClCompile>
    <ClCompile Include="TB3_PR_Q10_2_Main.cpp">
      <Filter>Resource Files\Mid\TextBook\Chapter03\Practice</Filter>
    </ClCompile>
    <ClCompile Include="TB3_PR_Q10_2.cpp">
      <Filter>Source Files</Filter>
    </ClCompile>
    <ClCompile Include="TB3_PR_Q11_Main.cpp">
      <Filter>Resource Files\Mid\TextBook\Chapter03\Practice</Filter>
    </ClCompile>
    <ClCompile Include="TB3_PR_Q11.cpp">
      <Filter>Source Files</Filter>
    </ClCompile>
    <ClCompile Include="TB3_PR_Q12_Main.cpp">
      <Filter>Resource Files\Mid\TextBook\Chapter03\Practice</Filter>
    </ClCompile>
    <ClCompile Include="TB3_PR_Q12.cpp">
      <Filter>Source Files</Filter>
    </ClCompile>
    <ClCompile Include="Week7_Circle.cpp">
      <Filter>Resource Files\Mid\Week7-1</Filter>
    </ClCompile>
    <ClCompile Include="Week7_Chamjo.cpp">
      <Filter>Resource Files\Mid\Week7-1</Filter>
    </ClCompile>
    <ClCompile Include="Week7_ShallowCopy.cpp">
      <Filter>Resource Files\Mid\Week7-1</Filter>
    </ClCompile>
    <ClCompile Include="Week7_Define.cpp">
      <Filter>Resource Files\Mid\Week7-1</Filter>
    </ClCompile>
    <ClCompile Include="Week7_static.cpp">
      <Filter>Resource Files\Mid\Week7-2</Filter>
    </ClCompile>
    <ClCompile Include="Week7_staticCircle.cpp">
      <Filter>Resource Files\Mid\Week7-2</Filter>
    </ClCompile>
    <ClCompile Include="Circles.cpp">
      <Filter>Source Files</Filter>
    </ClCompile>
    <ClCompile Include="Week7_Circles.cpp">
      <Filter>Resource Files\Mid\Week7-2</Filter>
    </ClCompile>
    <ClCompile Include="Week7_ATMAnswer.cpp">
      <Filter>Resource Files\Mid\Week7-2</Filter>
    </ClCompile>
    <ClCompile Include="Assignment.cpp">
      <Filter>Resource Files\Final\Week9-1 %28friend, operator%29</Filter>
    </ClCompile>
    <ClCompile Include="8-1 ☆.cpp">
      <Filter>Resource Files\Final\Week9-2 %28Parent%29</Filter>
    </ClCompile>
    <ClCompile Include="UpCasting ☆.cpp">
      <Filter>Resource Files\Final\Week9-2 %28Parent%29</Filter>
    </ClCompile>
    <ClCompile Include="8-3 ☆.cpp">
      <Filter>Resource Files\Final\Week9-2 %28Parent%29</Filter>
    </ClCompile>
    <ClCompile Include="9-4.cpp">
      <Filter>Resource Files\Final\Week10 %28Virtual Define%29</Filter>
    </ClCompile>
    <ClCompile Include="7-5.cpp">
      <Filter>Resource Files\Final\Week9-1 %28friend, operator%29</Filter>
    </ClCompile>
    <ClCompile Include="7-6.cpp">
      <Filter>Resource Files\Final\Week9-1 %28friend, operator%29</Filter>
    </ClCompile>
    <ClCompile Include="7-7.cpp">
      <Filter>Resource Files\Final\Week9-1 %28friend, operator%29</Filter>
    </ClCompile>
    <ClCompile Include="7-9.cpp">
      <Filter>Resource Files\Final\Week9-1 %28friend, operator%29</Filter>
    </ClCompile>
    <ClCompile Include="7-12.cpp">
      <Filter>Resource Files\Final\Week9-1 %28friend, operator%29</Filter>
    </ClCompile>
    <ClCompile Include="7-13.cpp">
      <Filter>Resource Files\Final\Week9-1 %28friend, operator%29</Filter>
    </ClCompile>
    <ClCompile Include="7-14.cpp">
      <Filter>Resource Files\Final\Week9-1 %28friend, operator%29</Filter>
    </ClCompile>
    <ClCompile Include="7-1 ☆.cpp">
      <Filter>Resource Files\Final\Week9-1 %28friend, operator%29</Filter>
    </ClCompile>
    <ClCompile Include="7-2 ☆.cpp">
      <Filter>Resource Files\Final\Week9-1 %28friend, operator%29</Filter>
    </ClCompile>
    <ClCompile Include="7-3 ☆.cpp">
      <Filter>Resource Files\Final\Week9-1 %28friend, operator%29</Filter>
    </ClCompile>
    <ClCompile Include="7-4 ☆.cpp">
      <Filter>Resource Files\Final\Week9-1 %28friend, operator%29</Filter>
    </ClCompile>
    <ClCompile Include="7-8\7-8 ☆.cpp">
      <Filter>Resource Files\Final\Week9-1 %28friend, operator%29</Filter>
    </ClCompile>
    <ClCompile Include="7-10 ☆.cpp">
      <Filter>Resource Files\Final\Week9-1 %28friend, operator%29</Filter>
    </ClCompile>
    <ClCompile Include="7-11 ☆.cpp">
      <Filter>Resource Files\Final\Week9-1 %28friend, operator%29</Filter>
    </ClCompile>
    <ClCompile Include="10-10.cpp">
      <Filter>Resource Files\Final\Week11 %28Generic, STL%29</Filter>
    </ClCompile>
    <ClCompile Include="10-Practice_Store.cpp">
      <Filter>Resource Files\Final\Week11 %28Generic, STL%29</Filter>
    </ClCompile>
    <ClCompile Include="8-2.cpp">
      <Filter>Resource Files\Final\Week9-2 %28Parent%29</Filter>
    </ClCompile>
    <ClCompile Include="8-7.cpp">
      <Filter>Resource Files\Final\Week9-2 %28Parent%29</Filter>
    </ClCompile>
    <ClCompile Include="10-Practice_WordCount.cpp">
      <Filter>Resource Files\Final\Week11 %28Generic, STL%29</Filter>
    </ClCompile>
    <ClCompile Include="10-Practice_Stack.cpp">
      <Filter>Resource Files\Final\Week11 %28Generic, STL%29</Filter>
    </ClCompile>
    <ClCompile Include="10-Practice_Lotto.cpp">
      <Filter>Resource Files\Final\Week11 %28Generic, STL%29</Filter>
    </ClCompile>
    <ClCompile Include="AbstractClass ☆.cpp">
      <Filter>Source Files</Filter>
    </ClCompile>
    <ClCompile Include="VirtualFunction ☆.cpp">
      <Filter>Source Files</Filter>
    </ClCompile>
    <ClCompile Include="Game ☆.cpp">
      <Filter>Source Files</Filter>
    </ClCompile>
    <ClCompile Include="9-1.cpp">
      <Filter>Resource Files\Final\Week10 %28Virtual Define%29</Filter>
    </ClCompile>
    <ClCompile Include="9-2 ☆.cpp">
      <Filter>Resource Files\Final\Week10 %28Virtual Define%29</Filter>
    </ClCompile>
    <ClCompile Include="9-3.cpp">
      <Filter>Resource Files\Final\Week10 %28Virtual Define%29</Filter>
    </ClCompile>
    <ClCompile Include="9-6.cpp">
      <Filter>Resource Files\Final\Week10 %28Virtual Define%29</Filter>
    </ClCompile>
    <ClCompile Include="10-1 ☆.cpp">
      <Filter>Resource Files\Final\Week11 %28Generic, STL%29</Filter>
    </ClCompile>
    <ClCompile Include="10-2.cpp">
      <Filter>Resource Files\Final\Week11 %28Generic, STL%29</Filter>
    </ClCompile>
    <ClCompile Include="10-3.cpp">
      <Filter>Resource Files\Final\Week11 %28Generic, STL%29</Filter>
    </ClCompile>
    <ClCompile Include="10-4.cpp">
      <Filter>Resource Files\Final\Week11 %28Generic, STL%29</Filter>
    </ClCompile>
    <ClCompile Include="10-5.cpp">
      <Filter>Resource Files\Final\Week11 %28Generic, STL%29</Filter>
    </ClCompile>
    <ClCompile Include="10-6 ☆.cpp">
      <Filter>Resource Files\Final\Week11 %28Generic, STL%29</Filter>
    </ClCompile>
    <ClCompile Include="10-8.cpp">
      <Filter>Resource Files\Final\Week11 %28Generic, STL%29</Filter>
    </ClCompile>
    <ClCompile Include="10-9 ☆.cpp">
      <Filter>Resource Files\Final\Week11 %28Generic, STL%29</Filter>
    </ClCompile>
    <ClCompile Include="10-11 ☆.cpp">
      <Filter>Resource Files\Final\Week11 %28Generic, STL%29</Filter>
    </ClCompile>
    <ClCompile Include="10-12 ☆.cpp">
      <Filter>Resource Files\Final\Week11 %28Generic, STL%29</Filter>
    </ClCompile>
    <ClCompile Include="10-14.cpp">
      <Filter>Resource Files\Final\Week11 %28Generic, STL%29</Filter>
    </ClCompile>
    <ClCompile Include="10-16.cpp">
      <Filter>Resource Files\Final\Week11 %28Generic, STL%29</Filter>
    </ClCompile>
    <ClCompile Include="10-17.cpp">
      <Filter>Resource Files\Final\Week11 %28Generic, STL%29</Filter>
    </ClCompile>
    <ClCompile Include="10-18.cpp">
      <Filter>Resource Files\Final\Week11 %28Generic, STL%29</Filter>
    </ClCompile>
    <ClCompile Include="Find.cpp">
      <Filter>Resource Files\Final\Week11 %28Generic, STL%29\ExtraAlgorithm</Filter>
    </ClCompile>
    <ClCompile Include="Find_if.cpp">
      <Filter>Resource Files\Final\Week11 %28Generic, STL%29\ExtraAlgorithm</Filter>
    </ClCompile>
    <ClCompile Include="Count.cpp">
      <Filter>Resource Files\Final\Week11 %28Generic, STL%29\ExtraAlgorithm</Filter>
    </ClCompile>
    <ClCompile Include="12-1 ☆.cpp">
      <Filter>Resource Files\Final\Week13 %28IO%29</Filter>
    </ClCompile>
    <ClCompile Include="12-2 ☆.cpp">
      <Filter>Resource Files\Final\Week13 %28IO%29</Filter>
    </ClCompile>
    <ClCompile Include="12-6 ☆.cpp">
      <Filter>Resource Files\Final\Week13 %28IO%29</Filter>
    </ClCompile>
    <ClCompile Include="Week13_Practice.cpp">
      <Filter>Resource Files\Final\Week13 %28IO%29</Filter>
    </ClCompile>
    <ClCompile Include="Assignment04_admin.cpp">
      <Filter>Resource Files\Final\Week13 %28IO%29\Assignment</Filter>
    </ClCompile>
    <ClCompile Include="Assignment04_user.cpp">
      <Filter>Resource Files\Final\Week13 %28IO%29\Assignment</Filter>
    </ClCompile>
    <ClCompile Include="12-5.cpp">
      <Filter>Resource Files\Final\Week13 %28IO%29</Filter>
    </ClCompile>
    <ClCompile Include="7-Practice01.cpp">
      <Filter>Resource Files\Final\Week9-1 %28friend, operator%29\TextBook</Filter>
    </ClCompile>
    <ClCompile Include="7-Practice02.cpp">
      <Filter>Resource Files\Final\Week9-1 %28friend, operator%29\TextBook</Filter>
    </ClCompile>
    <ClCompile Include="7-Practice03.cpp">
      <Filter>Resource Files\Final\Week9-1 %28friend, operator%29\TextBook</Filter>
    </ClCompile>
    <ClCompile Include="7-Practice04.cpp">
      <Filter>Resource Files\Final\Week9-1 %28friend, operator%29\TextBook</Filter>
    </ClCompile>
    <ClCompile Include="7-Practice05.cpp">
      <Filter>Resource Files\Final\Week9-1 %28friend, operator%29\TextBook</Filter>
    </ClCompile>
    <ClCompile Include="7-Practice06.cpp">
      <Filter>Resource Files\Final\Week9-1 %28friend, operator%29\TextBook</Filter>
    </ClCompile>
    <ClCompile Include="7-Practice07.cpp">
      <Filter>Resource Files\Final\Week9-1 %28friend, operator%29\TextBook</Filter>
    </ClCompile>
    <ClCompile Include="7-Practice08.cpp">
      <Filter>Resource Files\Final\Week9-1 %28friend, operator%29\TextBook</Filter>
    </ClCompile>
    <ClCompile Include="7-Practice09.cpp">
      <Filter>Resource Files\Final\Week9-1 %28friend, operator%29\TextBook</Filter>
    </ClCompile>
    <ClCompile Include="08-Theory.txt">
      <Filter>Resource Files\Final\Week9-2 %28Parent%29\TextBook</Filter>
    </ClCompile>
    <ClCompile Include="9-7.cpp">
      <Filter>Resource Files\Final\Week10 %28Virtual Define%29</Filter>
    </ClCompile>
    <ClCompile Include="8-Practice01.cpp">
      <Filter>Resource Files\Final\Week9-2 %28Parent%29\TextBook</Filter>
    </ClCompile>
    <ClCompile Include="8-Practice02.cpp">
      <Filter>Resource Files\Final\Week9-2 %28Parent%29\TextBook</Filter>
    </ClCompile>
    <ClCompile Include="8-Practice03.cpp">
      <Filter>Resource Files\Final\Week9-2 %28Parent%29\TextBook</Filter>
    </ClCompile>
    <ClCompile Include="8-Practice04.cpp">
      <Filter>Resource Files\Final\Week9-2 %28Parent%29\TextBook</Filter>
    </ClCompile>
    <ClCompile Include="9-Practice01.cpp">
      <Filter>Resource Files\Final\Week10 %28Virtual Define%29\TextBook</Filter>
    </ClCompile>
    <ClCompile Include="9-Practice02.cpp">
      <Filter>Resource Files\Final\Week10 %28Virtual Define%29\TextBook</Filter>
    </ClCompile>
    <ClCompile Include="9-Practice03.cpp">
      <Filter>Resource Files\Final\Week10 %28Virtual Define%29\TextBook</Filter>
    </ClCompile>
    <ClCompile Include="9-Practice04.cpp">
      <Filter>Resource Files\Final\Week10 %28Virtual Define%29\TextBook</Filter>
    </ClCompile>
    <ClCompile Include="9-Practice05.cpp">
      <Filter>Resource Files\Final\Week10 %28Virtual Define%29\TextBook</Filter>
    </ClCompile>
    <ClCompile Include="9-Practice07.cpp">
      <Filter>Resource Files\Final\Week10 %28Virtual Define%29\TextBook</Filter>
    </ClCompile>
    <ClCompile Include="10-13.cpp">
      <Filter>Resource Files\Final\Week11 %28Generic, STL%29</Filter>
    </ClCompile>
    <ClCompile Include="10-Practice_Circle.cpp">
      <Filter>Resource Files\Final\Week11 %28Generic, STL%29</Filter>
    </ClCompile>
    <ClCompile Include="Count_if.cpp">
      <Filter>Resource Files\Final\Week11 %28Generic, STL%29\ExtraAlgorithm</Filter>
    </ClCompile>
    <ClCompile Include="Copy.cpp">
      <Filter>Resource Files\Final\Week11 %28Generic, STL%29\ExtraAlgorithm</Filter>
    </ClCompile>
    <ClCompile Include="Copy_if.cpp">
      <Filter>Resource Files\Final\Week11 %28Generic, STL%29\ExtraAlgorithm</Filter>
    </ClCompile>
    <ClCompile Include="Move.cpp">
      <Filter>Resource Files\Final\Week11 %28Generic, STL%29\ExtraAlgorithm</Filter>
    </ClCompile>
    <ClCompile Include="Swap_ranges.cpp">
      <Filter>Resource Files\Final\Week11 %28Generic, STL%29\ExtraAlgorithm</Filter>
    </ClCompile>
    <ClCompile Include="13-1.cpp">
      <Filter>Resource Files\Final\Week15 %28Except%29</Filter>
    </ClCompile>
    <ClCompile Include="13-2.cpp">
      <Filter>Resource Files\Final\Week15 %28Except%29</Filter>
    </ClCompile>
    <ClCompile Include="13-3.cpp">
      <Filter>Resource Files\Final\Week15 %28Except%29</Filter>
    </ClCompile>
    <ClCompile Include="13-4 ☆.cpp">
      <Filter>Resource Files\Final\Week15 %28Except%29</Filter>
    </ClCompile>
    <ClCompile Include="13-5 ☆.cpp">
      <Filter>Resource Files\Final\Week15 %28Except%29</Filter>
    </ClCompile>
    <ClCompile Include="13-6.cpp">
      <Filter>Resource Files\Final\Week15 %28Except%29</Filter>
    </ClCompile>
    <ClCompile Include="13-8.cpp">
      <Filter>Resource Files\Final\Week15 %28Except%29</Filter>
    </ClCompile>
    <ClCompile Include="10-Theory.txt">
      <Filter>Resource Files\Final\Week11 %28Generic, STL%29\TextBook</Filter>
    </ClCompile>
    <ClCompile Include="10-Practice01.cpp">
      <Filter>Resource Files\Final\Week11 %28Generic, STL%29\TextBook</Filter>
    </ClCompile>
    <ClCompile Include="10-Practice02.cpp">
      <Filter>Resource Files\Final\Week11 %28Generic, STL%29\TextBook</Filter>
    </ClCompile>
    <ClCompile Include="10-Practice03.cpp">
      <Filter>Resource Files\Final\Week11 %28Generic, STL%29\TextBook</Filter>
    </ClCompile>
    <ClCompile Include="10-Practice04.cpp">
      <Filter>Resource Files\Final\Week11 %28Generic, STL%29\TextBook</Filter>
    </ClCompile>
    <ClCompile Include="10-Practice05.cpp">
      <Filter>Resource Files\Final\Week11 %28Generic, STL%29\TextBook</Filter>
    </ClCompile>
    <ClCompile Include="10-Practice06.cpp">
      <Filter>Resource Files\Final\Week11 %28Generic, STL%29\TextBook</Filter>
    </ClCompile>
    <ClCompile Include="10-Practice07.cpp">
      <Filter>Resource Files\Final\Week11 %28Generic, STL%29\TextBook</Filter>
    </ClCompile>
    <ClCompile Include="10-Practice08.cpp">
      <Filter>Resource Files\Final\Week11 %28Generic, STL%29\TextBook</Filter>
    </ClCompile>
    <ClCompile Include="10-Practice09.cpp">
      <Filter>Resource Files\Final\Week11 %28Generic, STL%29\TextBook</Filter>
    </ClCompile>
    <ClCompile Include="10-Practice13.cpp">
      <Filter>Resource Files\Final\Week11 %28Generic, STL%29\TextBook</Filter>
    </ClCompile>
    <ClCompile Include="12-7 ☆.cpp">
      <Filter>Resource Files\Final\Week13 %28IO%29</Filter>
    </ClCompile>
    <ClCompile Include="12-12 ☆.cpp">
      <Filter>Resource Files\Final\Week13 %28IO%29</Filter>
    </ClCompile>
    <ClCompile Include="MyStack.cpp">
      <Filter>Source Files</Filter>
    </ClCompile>
    <ClCompile Include="13-7 ☆☆☆.cpp">
      <Filter>Resource Files\Final\Week15 %28Except%29</Filter>
    </ClCompile>
    <ClCompile Include="13-Practice_Rational.cpp">
      <Filter>Resource Files\Final\Week15 %28Except%29</Filter>
    </ClCompile>
    <ClCompile Include="13-Practice_WordCnt.cpp">
      <Filter>Resource Files\Final\Week15 %28Except%29</Filter>
    </ClCompile>
  </ItemGroup>
  <ItemGroup>
    <ClInclude Include="Week5_Circle.h">
      <Filter>Header Files</Filter>
    </ClInclude>
    <ClInclude Include="Exp.h">
      <Filter>Header Files</Filter>
    </ClInclude>
    <ClInclude Include="Week6_WordCount2.h">
      <Filter>Header Files</Filter>
    </ClInclude>
    <ClInclude Include="TB3_PR_Q10_2.h">
      <Filter>Header Files</Filter>
    </ClInclude>
    <ClInclude Include="TB3_PR_Q11.h">
      <Filter>Header Files</Filter>
    </ClInclude>
    <ClInclude Include="TB3_PR_Q12.h">
      <Filter>Header Files</Filter>
    </ClInclude>
    <ClInclude Include="Circles.h">
      <Filter>Header Files</Filter>
    </ClInclude>
    <ClInclude Include="MyStack.h">
      <Filter>Header Files</Filter>
    </ClInclude>
  </ItemGroup>
  <ItemGroup>
    <Text Include="TB3_TH_1.cpp">
      <Filter>Resource Files\Mid\TextBook\Chapter03\Theory</Filter>
    </Text>
    <Text Include="words.txt" />
    <Text Include="7-Theory.txt">
      <Filter>Resource Files\Final\Week9-1 %28friend, operator%29\TextBook</Filter>
    </Text>
    <Text Include="09-Theory.txt">
      <Filter>Resource Files\Final\Week10 %28Virtual Define%29\TextBook</Filter>
    </Text>
    <Text Include="13-Theory.txt">
      <Filter>Resource Files\Final\Week15 %28Except%29\TextBook</Filter>
    </Text>
  </ItemGroup>
</Project>